
Microsoft Visual Studio Solution File, Format Version 12.00
# Visual Studio Version 17
VisualStudioVersion = 17.5.33627.172
MinimumVisualStudioVersion = 10.0.40219.1
Project("{9A19103F-16F7-4668-BE54-9A1E7A4F7556}") = "DrinkVendingMachine.API", "DrinkVendingMachineSite\DrinkVendingMachine.API.csproj", "{592ED293-7CAB-4EB0-8849-7AFFA2C309C1}"
EndProject
Project("{9A19103F-16F7-4668-BE54-9A1E7A4F7556}") = "DrinkVendingMachine.Core", "DrinkVendingMachine.Core\DrinkVendingMachine.Core.csproj", "{B8064E69-27E9-44E0-A187-208AC2292DB8}"
EndProject
Project("{9A19103F-16F7-4668-BE54-9A1E7A4F7556}") = "DrinkVendingMachine.DataAccess", "DrinkVendingMachine.DataAccess\DrinkVendingMachine.DataAccess.csproj", "{D2DC5BF2-6652-4467-B82D-9F6AC4D0183C}"
EndProject
Project("{9A19103F-16F7-4668-BE54-9A1E7A4F7556}") = "DrinkVendingMachine.Tests", "DrinkVendingMachine.Tests\DrinkVendingMachine.Tests.csproj", "{0A6BB47E-9C1E-47F7-B90F-1D358EF9D578}"
EndProject
Project("{FAE04EC0-301F-11D3-BF4B-00C04F79EFBC}") = "DrinkVendingMachine.Services", "DrinkVendingMachine.Services\DrinkVendingMachine.Services.csproj", "{228A4FC5-D315-462B-8A20-A1F88657C46E}"
EndProject
Global
	GlobalSection(SolutionConfigurationPlatforms) = preSolution
		Debug|Any CPU = Debug|Any CPU
		Release|Any CPU = Release|Any CPU
	EndGlobalSection
	GlobalSection(ProjectConfigurationPlatforms) = postSolution
		{592ED293-7CAB-4EB0-8849-7AFFA2C309C1}.Debug|Any CPU.ActiveCfg = Debug|Any CPU
		{592ED293-7CAB-4EB0-8849-7AFFA2C309C1}.Debug|Any CPU.Build.0 = Debug|Any CPU
		{592ED293-7CAB-4EB0-8849-7AFFA2C309C1}.Release|Any CPU.ActiveCfg = Release|Any CPU
		{592ED293-7CAB-4EB0-8849-7AFFA2C309C1}.Release|Any CPU.Build.0 = Release|Any CPU
		{B8064E69-27E9-44E0-A187-208AC2292DB8}.Debug|Any CPU.ActiveCfg = Debug|Any CPU
		{B8064E69-27E9-44E0-A187-208AC2292DB8}.Debug|Any CPU.Build.0 = Debug|Any CPU
		{B8064E69-27E9-44E0-A187-208AC2292DB8}.Release|Any CPU.ActiveCfg = Release|Any CPU
		{B8064E69-27E9-44E0-A187-208AC2292DB8}.Release|Any CPU.Build.0 = Release|Any CPU
		{D2DC5BF2-6652-4467-B82D-9F6AC4D0183C}.Debug|Any CPU.ActiveCfg = Debug|Any CPU
		{D2DC5BF2-6652-4467-B82D-9F6AC4D0183C}.Debug|Any CPU.Build.0 = Debug|Any CPU
		{D2DC5BF2-6652-4467-B82D-9F6AC4D0183C}.Release|Any CPU.ActiveCfg = Release|Any CPU
		{D2DC5BF2-6652-4467-B82D-9F6AC4D0183C}.Release|Any CPU.Build.0 = Release|Any CPU
		{0A6BB47E-9C1E-47F7-B90F-1D358EF9D578}.Debug|Any CPU.ActiveCfg = Debug|Any CPU
		{0A6BB47E-9C1E-47F7-B90F-1D358EF9D578}.Debug|Any CPU.Build.0 = Debug|Any CPU
		{0A6BB47E-9C1E-47F7-B90F-1D358EF9D578}.Release|Any CPU.ActiveCfg = Release|Any CPU
		{0A6BB47E-9C1E-47F7-B90F-1D358EF9D578}.Release|Any CPU.Build.0 = Release|Any CPU
		{228A4FC5-D315-462B-8A20-A1F88657C46E}.Debug|Any CPU.ActiveCfg = Debug|Any CPU
		{228A4FC5-D315-462B-8A20-A1F88657C46E}.Debug|Any CPU.Build.0 = Debug|Any CPU
		{228A4FC5-D315-462B-8A20-A1F88657C46E}.Release|Any CPU.ActiveCfg = Release|Any CPU
		{228A4FC5-D315-462B-8A20-A1F88657C46E}.Release|Any CPU.Build.0 = Release|Any CPU
	EndGlobalSection
	GlobalSection(SolutionProperties) = preSolution
		HideSolutionNode = FALSE
	EndGlobalSection
	GlobalSection(ExtensibilityGlobals) = postSolution
		SolutionGuid = {49AD1BFF-52E5-47FC-822F-F53ADA93CC5F}
	EndGlobalSection
EndGlobal
