
Microsoft Visual Studio Solution File, Format Version 12.00
# Visual Studio Version 17
VisualStudioVersion = 17.5.33627.172
MinimumVisualStudioVersion = 10.0.40219.1
Project("{FAE04EC0-301F-11D3-BF4B-00C04F79EFBC}") = "DrinkVendingMachineSite", "DrinkVendingMachineSite\DrinkVendingMachineSite.csproj", "{592ED293-7CAB-4EB0-8849-7AFFA2C309C1}"
EndProject
Global
	GlobalSection(SolutionConfigurationPlatforms) = preSolution
		Debug|Any CPU = Debug|Any CPU
		Release|Any CPU = Release|Any CPU
	EndGlobalSection
	GlobalSection(ProjectConfigurationPlatforms) = postSolution
		{592ED293-7CAB-4EB0-8849-7AFFA2C309C1}.Debug|Any CPU.ActiveCfg = Debug|Any CPU
		{592ED293-7CAB-4EB0-8849-7AFFA2C309C1}.Debug|Any CPU.Build.0 = Debug|Any CPU
		{592ED293-7CAB-4EB0-8849-7AFFA2C309C1}.Release|Any CPU.ActiveCfg = Release|Any CPU
		{592ED293-7CAB-4EB0-8849-7AFFA2C309C1}.Release|Any CPU.Build.0 = Release|Any CPU
	EndGlobalSection
	GlobalSection(SolutionProperties) = preSolution
		HideSolutionNode = FALSE
	EndGlobalSection
	GlobalSection(ExtensibilityGlobals) = postSolution
		SolutionGuid = {49AD1BFF-52E5-47FC-822F-F53ADA93CC5F}
	EndGlobalSection
EndGlobal
